
Microsoft Visual Studio Solution File, Format Version 12.00
# Visual Studio Version 17
VisualStudioVersion = 17.3.32825.248
MinimumVisualStudioVersion = 10.0.40219.1
Project("{FAE04EC0-301F-11D3-BF4B-00C04F79EFBC}") = "lab1", "lab1.csproj", "{C6EBAC9C-E403-4FE7-A06A-8806E92C4369}"
EndProject
Global
	GlobalSection(SolutionConfigurationPlatforms) = preSolution
		Debug|Any CPU = Debug|Any CPU
		Release|Any CPU = Release|Any CPU
	EndGlobalSection
	GlobalSection(ProjectConfigurationPlatforms) = postSolution
		{C6EBAC9C-E403-4FE7-A06A-8806E92C4369}.Debug|Any CPU.ActiveCfg = Debug|Any CPU
		{C6EBAC9C-E403-4FE7-A06A-8806E92C4369}.Debug|Any CPU.Build.0 = Debug|Any CPU
		{C6EBAC9C-E403-4FE7-A06A-8806E92C4369}.Release|Any CPU.ActiveCfg = Release|Any CPU
		{C6EBAC9C-E403-4FE7-A06A-8806E92C4369}.Release|Any CPU.Build.0 = Release|Any CPU
	EndGlobalSection
	GlobalSection(SolutionProperties) = preSolution
		HideSolutionNode = FALSE
	EndGlobalSection
	GlobalSection(ExtensibilityGlobals) = postSolution
		SolutionGuid = {5B5C5E5D-1C95-4465-A3A1-FDEAF81A16C8}
	EndGlobalSection
EndGlobal
